// !$*UTF8*$!
{
	archiveVersion = 1;
	classes = {
	};
	objectVersion = 50;
	objects = {

/* Begin PBXBuildFile section */
		9CAB23B3246C605900B600AF /* Date.swift in Sources */ = {isa = PBXBuildFile; fileRef = 9CAB23B2246C605900B600AF /* Date.swift */; };
		9CAB23B6246C9E7200B600AF /* MoneyPlus.xcdatamodeld in Sources */ = {isa = PBXBuildFile; fileRef = 9CAB23B4246C9E7200B600AF /* MoneyPlus.xcdatamodeld */; };
		9CAB23B8246E1C2E00B600AF /* TransactionDetailViewController.swift in Sources */ = {isa = PBXBuildFile; fileRef = 9CAB23B7246E1C2E00B600AF /* TransactionDetailViewController.swift */; };
		9CB4ED39246B359A0098975A /* AppDelegate.swift in Sources */ = {isa = PBXBuildFile; fileRef = 9CB4ED38246B359A0098975A /* AppDelegate.swift */; };
		9CB4ED3B246B359A0098975A /* SceneDelegate.swift in Sources */ = {isa = PBXBuildFile; fileRef = 9CB4ED3A246B359A0098975A /* SceneDelegate.swift */; };
		9CB4ED3D246B359A0098975A /* ViewController.swift in Sources */ = {isa = PBXBuildFile; fileRef = 9CB4ED3C246B359A0098975A /* ViewController.swift */; };
		9CB4ED40246B359A0098975A /* Main.storyboard in Resources */ = {isa = PBXBuildFile; fileRef = 9CB4ED3E246B359A0098975A /* Main.storyboard */; };
		9CB4ED42246B359C0098975A /* Assets.xcassets in Resources */ = {isa = PBXBuildFile; fileRef = 9CB4ED41246B359C0098975A /* Assets.xcassets */; };
		9CB4ED45246B359C0098975A /* LaunchScreen.storyboard in Resources */ = {isa = PBXBuildFile; fileRef = 9CB4ED43246B359C0098975A /* LaunchScreen.storyboard */; };
		9CB4ED74246B5C830098975A /* TransactionTableViewCell.swift in Sources */ = {isa = PBXBuildFile; fileRef = 9CB4ED73246B5C830098975A /* TransactionTableViewCell.swift */; };
		9CB4ED76246B5FFD0098975A /* Transaction.swift in Sources */ = {isa = PBXBuildFile; fileRef = 9CB4ED75246B5FFD0098975A /* Transaction.swift */; };
		9CB4ED7A246C26F00098975A /* NewPaymentController.swift in Sources */ = {isa = PBXBuildFile; fileRef = 9CB4ED79246C26F00098975A /* NewPaymentController.swift */; };
/* End PBXBuildFile section */

/* Begin PBXFileReference section */
		9CAB23B2246C605900B600AF /* Date.swift */ = {isa = PBXFileReference; lastKnownFileType = sourcecode.swift; path = Date.swift; sourceTree = "<group>"; };
		9CAB23B5246C9E7200B600AF /* MoneyPlus.xcdatamodel */ = {isa = PBXFileReference; lastKnownFileType = wrapper.xcdatamodel; path = MoneyPlus.xcdatamodel; sourceTree = "<group>"; };
		9CAB23B7246E1C2E00B600AF /* TransactionDetailViewController.swift */ = {isa = PBXFileReference; lastKnownFileType = sourcecode.swift; path = TransactionDetailViewController.swift; sourceTree = "<group>"; };
		9CB4ED35246B359A0098975A /* MoneyPlus.app */ = {isa = PBXFileReference; explicitFileType = wrapper.application; includeInIndex = 0; path = MoneyPlus.app; sourceTree = BUILT_PRODUCTS_DIR; };
		9CB4ED38246B359A0098975A /* AppDelegate.swift */ = {isa = PBXFileReference; lastKnownFileType = sourcecode.swift; path = AppDelegate.swift; sourceTree = "<group>"; };
		9CB4ED3A246B359A0098975A /* SceneDelegate.swift */ = {isa = PBXFileReference; lastKnownFileType = sourcecode.swift; path = SceneDelegate.swift; sourceTree = "<group>"; };
		9CB4ED3C246B359A0098975A /* ViewController.swift */ = {isa = PBXFileReference; lastKnownFileType = sourcecode.swift; path = ViewController.swift; sourceTree = "<group>"; };
		9CB4ED3F246B359A0098975A /* Base */ = {isa = PBXFileReference; lastKnownFileType = file.storyboard; name = Base; path = Base.lproj/Main.storyboard; sourceTree = "<group>"; };
		9CB4ED41246B359C0098975A /* Assets.xcassets */ = {isa = PBXFileReference; lastKnownFileType = folder.assetcatalog; path = Assets.xcassets; sourceTree = "<group>"; };
		9CB4ED44246B359C0098975A /* Base */ = {isa = PBXFileReference; lastKnownFileType = file.storyboard; name = Base; path = Base.lproj/LaunchScreen.storyboard; sourceTree = "<group>"; };
		9CB4ED46246B359C0098975A /* Info.plist */ = {isa = PBXFileReference; lastKnownFileType = text.plist.xml; path = Info.plist; sourceTree = "<group>"; };
		9CB4ED73246B5C830098975A /* TransactionTableViewCell.swift */ = {isa = PBXFileReference; lastKnownFileType = sourcecode.swift; path = TransactionTableViewCell.swift; sourceTree = "<group>"; };
		9CB4ED75246B5FFD0098975A /* Transaction.swift */ = {isa = PBXFileReference; lastKnownFileType = sourcecode.swift; path = Transaction.swift; sourceTree = "<group>"; };
		9CB4ED79246C26F00098975A /* NewPaymentController.swift */ = {isa = PBXFileReference; lastKnownFileType = sourcecode.swift; path = NewPaymentController.swift; sourceTree = "<group>"; };
/* End PBXFileReference section */

/* Begin PBXFrameworksBuildPhase section */
		9CB4ED32246B359A0098975A /* Frameworks */ = {
			isa = PBXFrameworksBuildPhase;
			buildActionMask = 2147483647;
			files = (
			);
			runOnlyForDeploymentPostprocessing = 0;
		};
/* End PBXFrameworksBuildPhase section */

/* Begin PBXGroup section */
		9CAB23B1246C604500B600AF /* Helper */ = {
			isa = PBXGroup;
			children = (
				9CAB23B2246C605900B600AF /* Date.swift */,
			);
			path = Helper;
			sourceTree = "<group>";
		};
		9CB4ED2C246B359A0098975A = {
			isa = PBXGroup;
			children = (
				9CB4ED37246B359A0098975A /* MoneyPlus */,
				9CB4ED36246B359A0098975A /* Products */,
			);
			sourceTree = "<group>";
		};
		9CB4ED36246B359A0098975A /* Products */ = {
			isa = PBXGroup;
			children = (
				9CB4ED35246B359A0098975A /* MoneyPlus.app */,
			);
			name = Products;
			sourceTree = "<group>";
		};
		9CB4ED37246B359A0098975A /* MoneyPlus */ = {
			isa = PBXGroup;
			children = (
				9CB4ED72246B594B0098975A /* Storyboard */,
				9CB4ED71246B59410098975A /* App */,
				9CB4ED70246B59370098975A /* Model */,
				9CB4ED6F246B59320098975A /* View */,
				9CB4ED6E246B592C0098975A /* Contoller */,
				9CAB23B1246C604500B600AF /* Helper */,
				9CB4ED41246B359C0098975A /* Assets.xcassets */,
				9CB4ED46246B359C0098975A /* Info.plist */,
			);
			path = MoneyPlus;
			sourceTree = "<group>";
		};
		9CB4ED6E246B592C0098975A /* Contoller */ = {
			isa = PBXGroup;
			children = (
				9CB4ED3C246B359A0098975A /* ViewController.swift */,
				9CB4ED79246C26F00098975A /* NewPaymentController.swift */,
				9CAB23B7246E1C2E00B600AF /* TransactionDetailViewController.swift */,
			);
			path = Contoller;
			sourceTree = "<group>";
		};
		9CB4ED6F246B59320098975A /* View */ = {
			isa = PBXGroup;
			children = (
				9CB4ED73246B5C830098975A /* TransactionTableViewCell.swift */,
			);
			path = View;
			sourceTree = "<group>";
		};
		9CB4ED70246B59370098975A /* Model */ = {
			isa = PBXGroup;
			children = (
				9CAB23B4246C9E7200B600AF /* MoneyPlus.xcdatamodeld */,
				9CB4ED75246B5FFD0098975A /* Transaction.swift */,
			);
			path = Model;
			sourceTree = "<group>";
		};
		9CB4ED71246B59410098975A /* App */ = {
			isa = PBXGroup;
			children = (
				9CB4ED38246B359A0098975A /* AppDelegate.swift */,
				9CB4ED3A246B359A0098975A /* SceneDelegate.swift */,
			);
			path = App;
			sourceTree = "<group>";
		};
		9CB4ED72246B594B0098975A /* Storyboard */ = {
			isa = PBXGroup;
			children = (
				9CB4ED3E246B359A0098975A /* Main.storyboard */,
				9CB4ED43246B359C0098975A /* LaunchScreen.storyboard */,
			);
			path = Storyboard;
			sourceTree = "<group>";
		};
/* End PBXGroup section */

/* Begin PBXNativeTarget section */
		9CB4ED34246B359A0098975A /* MoneyPlus */ = {
			isa = PBXNativeTarget;
			buildConfigurationList = 9CB4ED49246B359C0098975A /* Build configuration list for PBXNativeTarget "MoneyPlus" */;
			buildPhases = (
				9CB4ED31246B359A0098975A /* Sources */,
				9CB4ED32246B359A0098975A /* Frameworks */,
				9CB4ED33246B359A0098975A /* Resources */,
			);
			buildRules = (
			);
			dependencies = (
			);
			name = MoneyPlus;
			productName = MoneyPlus;
			productReference = 9CB4ED35246B359A0098975A /* MoneyPlus.app */;
			productType = "com.apple.product-type.application";
		};
/* End PBXNativeTarget section */

/* Begin PBXProject section */
		9CB4ED2D246B359A0098975A /* Project object */ = {
			isa = PBXProject;
			attributes = {
				LastSwiftUpdateCheck = 1140;
				LastUpgradeCheck = 1140;
				ORGANIZATIONNAME = Seeking;
				TargetAttributes = {
					9CB4ED34246B359A0098975A = {
						CreatedOnToolsVersion = 11.4.1;
					};
				};
			};
			buildConfigurationList = 9CB4ED30246B359A0098975A /* Build configuration list for PBXProject "MoneyPlus" */;
			compatibilityVersion = "Xcode 9.3";
			developmentRegion = en;
			hasScannedForEncodings = 0;
			knownRegions = (
				en,
				Base,
			);
			mainGroup = 9CB4ED2C246B359A0098975A;
			productRefGroup = 9CB4ED36246B359A0098975A /* Products */;
			projectDirPath = "";
			projectRoot = "";
			targets = (
				9CB4ED34246B359A0098975A /* MoneyPlus */,
			);
		};
/* End PBXProject section */

/* Begin PBXResourcesBuildPhase section */
		9CB4ED33246B359A0098975A /* Resources */ = {
			isa = PBXResourcesBuildPhase;
			buildActionMask = 2147483647;
			files = (
				9CB4ED45246B359C0098975A /* LaunchScreen.storyboard in Resources */,
				9CB4ED42246B359C0098975A /* Assets.xcassets in Resources */,
				9CB4ED40246B359A0098975A /* Main.storyboard in Resources */,
			);
			runOnlyForDeploymentPostprocessing = 0;
		};
/* End PBXResourcesBuildPhase section */

/* Begin PBXSourcesBuildPhase section */
		9CB4ED31246B359A0098975A /* Sources */ = {
			isa = PBXSourcesBuildPhase;
			buildActionMask = 2147483647;
			files = (
				9CB4ED3D246B359A0098975A /* ViewController.swift in Sources */,
				9CB4ED39246B359A0098975A /* AppDelegate.swift in Sources */,
				9CAB23B6246C9E7200B600AF /* MoneyPlus.xcdatamodeld in Sources */,
				9CAB23B3246C605900B600AF /* Date.swift in Sources */,
				9CAB23B8246E1C2E00B600AF /* TransactionDetailViewController.swift in Sources */,
				9CB4ED74246B5C830098975A /* TransactionTableViewCell.swift in Sources */,
				9CB4ED3B246B359A0098975A /* SceneDelegate.swift in Sources */,
				9CB4ED76246B5FFD0098975A /* Transaction.swift in Sources */,
				9CB4ED7A246C26F00098975A /* NewPaymentController.swift in Sources */,
			);
			runOnlyForDeploymentPostprocessing = 0;
		};
/* End PBXSourcesBuildPhase section */

/* Begin PBXVariantGroup section */
		9CB4ED3E246B359A0098975A /* Main.storyboard */ = {
			isa = PBXVariantGroup;
			children = (
				9CB4ED3F246B359A0098975A /* Base */,
			);
			name = Main.storyboard;
			sourceTree = "<group>";
		};
		9CB4ED43246B359C0098975A /* LaunchScreen.storyboard */ = {
			isa = PBXVariantGroup;
			children = (
				9CB4ED44246B359C0098975A /* Base */,
			);
			name = LaunchScreen.storyboard;
			sourceTree = "<group>";
		};
/* End PBXVariantGroup section */

/* Begin XCBuildConfiguration section */
		9CB4ED47246B359C0098975A /* Debug */ = {
			isa = XCBuildConfiguration;
			buildSettings = {
				ALWAYS_SEARCH_USER_PATHS = NO;
				CLANG_ANALYZER_NONNULL = YES;
				CLANG_ANALYZER_NUMBER_OBJECT_CONVERSION = YES_AGGRESSIVE;
				CLANG_CXX_LANGUAGE_STANDARD = "gnu++14";
				CLANG_CXX_LIBRARY = "libc++";
				CLANG_ENABLE_MODULES = YES;
				CLANG_ENABLE_OBJC_ARC = YES;
				CLANG_ENABLE_OBJC_WEAK = YES;
				CLANG_WARN_BLOCK_CAPTURE_AUTORELEASING = YES;
				CLANG_WARN_BOOL_CONVERSION = YES;
				CLANG_WARN_COMMA = YES;
				CLANG_WARN_CONSTANT_CONVERSION = YES;
				CLANG_WARN_DEPRECATED_OBJC_IMPLEMENTATIONS = YES;
				CLANG_WARN_DIRECT_OBJC_ISA_USAGE = YES_ERROR;
				CLANG_WARN_DOCUMENTATION_COMMENTS = YES;
				CLANG_WARN_EMPTY_BODY = YES;
				CLANG_WARN_ENUM_CONVERSION = YES;
				CLANG_WARN_INFINITE_RECURSION = YES;
				CLANG_WARN_INT_CONVERSION = YES;
				CLANG_WARN_NON_LITERAL_NULL_CONVERSION = YES;
				CLANG_WARN_OBJC_IMPLICIT_RETAIN_SELF = YES;
				CLANG_WARN_OBJC_LITERAL_CONVERSION = YES;
				CLANG_WARN_OBJC_ROOT_CLASS = YES_ERROR;
				CLANG_WARN_RANGE_LOOP_ANALYSIS = YES;
				CLANG_WARN_STRICT_PROTOTYPES = YES;
				CLANG_WARN_SUSPICIOUS_MOVE = YES;
				CLANG_WARN_UNGUARDED_AVAILABILITY = YES_AGGRESSIVE;
				CLANG_WARN_UNREACHABLE_CODE = YES;
				CLANG_WARN__DUPLICATE_METHOD_MATCH = YES;
				COPY_PHASE_STRIP = NO;
				DEBUG_INFORMATION_FORMAT = dwarf;
				ENABLE_STRICT_OBJC_MSGSEND = YES;
				ENABLE_TESTABILITY = YES;
				GCC_C_LANGUAGE_STANDARD = gnu11;
				GCC_DYNAMIC_NO_PIC = NO;
				GCC_NO_COMMON_BLOCKS = YES;
				GCC_OPTIMIZATION_LEVEL = 0;
				GCC_PREPROCESSOR_DEFINITIONS = (
					"DEBUG=1",
					"$(inherited)",
				);
				GCC_WARN_64_TO_32_BIT_CONVERSION = YES;
				GCC_WARN_ABOUT_RETURN_TYPE = YES_ERROR;
				GCC_WARN_UNDECLARED_SELECTOR = YES;
				GCC_WARN_UNINITIALIZED_AUTOS = YES_AGGRESSIVE;
				GCC_WARN_UNUSED_FUNCTION = YES;
				GCC_WARN_UNUSED_VARIABLE = YES;
				IPHONEOS_DEPLOYMENT_TARGET = 13.0;
				MTL_ENABLE_DEBUG_INFO = INCLUDE_SOURCE;
				MTL_FAST_MATH = YES;
				ONLY_ACTIVE_ARCH = YES;
				SDKROOT = iphoneos;
				SWIFT_ACTIVE_COMPILATION_CONDITIONS = DEBUG;
				SWIFT_OPTIMIZATION_LEVEL = "-Onone";
			};
			name = Debug;
		};
		9CB4ED48246B359C0098975A /* Release */ = {
			isa = XCBuildConfiguration;
			buildSettings = {
				ALWAYS_SEARCH_USER_PATHS = NO;
				CLANG_ANALYZER_NONNULL = YES;
				CLANG_ANALYZER_NUMBER_OBJECT_CONVERSION = YES_AGGRESSIVE;
				CLANG_CXX_LANGUAGE_STANDARD = "gnu++14";
				CLANG_CXX_LIBRARY = "libc++";
				CLANG_ENABLE_MODULES = YES;
				CLANG_ENABLE_OBJC_ARC = YES;
				CLANG_ENABLE_OBJC_WEAK = YES;
				CLANG_WARN_BLOCK_CAPTURE_AUTORELEASING = YES;
				CLANG_WARN_BOOL_CONVERSION = YES;
				CLANG_WARN_COMMA = YES;
				CLANG_WARN_CONSTANT_CONVERSION = YES;
				CLANG_WARN_DEPRECATED_OBJC_IMPLEMENTATIONS = YES;
				CLANG_WARN_DIRECT_OBJC_ISA_USAGE = YES_ERROR;
				CLANG_WARN_DOCUMENTATION_COMMENTS = YES;
				CLANG_WARN_EMPTY_BODY = YES;
				CLANG_WARN_ENUM_CONVERSION = YES;
				CLANG_WARN_INFINITE_RECURSION = YES;
				CLANG_WARN_INT_CONVERSION = YES;
				CLANG_WARN_NON_LITERAL_NULL_CONVERSION = YES;
				CLANG_WARN_OBJC_IMPLICIT_RETAIN_SELF = YES;
				CLANG_WARN_OBJC_LITERAL_CONVERSION = YES;
				CLANG_WARN_OBJC_ROOT_CLASS = YES_ERROR;
				CLANG_WARN_RANGE_LOOP_ANALYSIS = YES;
				CLANG_WARN_STRICT_PROTOTYPES = YES;
				CLANG_WARN_SUSPICIOUS_MOVE = YES;
				CLANG_WARN_UNGUARDED_AVAILABILITY = YES_AGGRESSIVE;
				CLANG_WARN_UNREACHABLE_CODE = YES;
				CLANG_WARN__DUPLICATE_METHOD_MATCH = YES;
				COPY_PHASE_STRIP = NO;
				DEBUG_INFORMATION_FORMAT = "dwarf-with-dsym";
				ENABLE_NS_ASSERTIONS = NO;
				ENABLE_STRICT_OBJC_MSGSEND = YES;
				GCC_C_LANGUAGE_STANDARD = gnu11;
				GCC_NO_COMMON_BLOCKS = YES;
				GCC_WARN_64_TO_32_BIT_CONVERSION = YES;
				GCC_WARN_ABOUT_RETURN_TYPE = YES_ERROR;
				GCC_WARN_UNDECLARED_SELECTOR = YES;
				GCC_WARN_UNINITIALIZED_AUTOS = YES_AGGRESSIVE;
				GCC_WARN_UNUSED_FUNCTION = YES;
				GCC_WARN_UNUSED_VARIABLE = YES;
				IPHONEOS_DEPLOYMENT_TARGET = 13.0;
				MTL_ENABLE_DEBUG_INFO = NO;
				MTL_FAST_MATH = YES;
				SDKROOT = iphoneos;
				SWIFT_COMPILATION_MODE = wholemodule;
				SWIFT_OPTIMIZATION_LEVEL = "-O";
				VALIDATE_PRODUCT = YES;
			};
			name = Release;
		};
		9CB4ED4A246B359C0098975A /* Debug */ = {
			isa = XCBuildConfiguration;
			buildSettings = {
				ASSETCATALOG_COMPILER_APPICON_NAME = AppIcon;
				CODE_SIGN_STYLE = Automatic;
				DEVELOPMENT_TEAM = SB7KU3H2VB;
				INFOPLIST_FILE = MoneyPlus/Info.plist;
				LD_RUNPATH_SEARCH_PATHS = (
					"$(inherited)",
					"@executable_path/Frameworks",
				);
				PRODUCT_BUNDLE_IDENTIFIER = top.seekingmini.MoneyPlus;
				PRODUCT_NAME = "$(TARGET_NAME)";
				SWIFT_VERSION = 5.0;
				TARGETED_DEVICE_FAMILY = "1,2";
			};
			name = Debug;
		};
		9CB4ED4B246B359C0098975A /* Release */ = {
			isa = XCBuildConfiguration;
			buildSettings = {
				ASSETCATALOG_COMPILER_APPICON_NAME = AppIcon;
				CODE_SIGN_STYLE = Automatic;
				DEVELOPMENT_TEAM = SB7KU3H2VB;
				INFOPLIST_FILE = MoneyPlus/Info.plist;
				LD_RUNPATH_SEARCH_PATHS = (
					"$(inherited)",
					"@executable_path/Frameworks",
				);
				PRODUCT_BUNDLE_IDENTIFIER = top.seekingmini.MoneyPlus;
				PRODUCT_NAME = "$(TARGET_NAME)";
				SWIFT_VERSION = 5.0;
				TARGETED_DEVICE_FAMILY = "1,2";
			};
			name = Release;
		};
/* End XCBuildConfiguration section */

/* Begin XCConfigurationList section */
		9CB4ED30246B359A0098975A /* Build configuration list for PBXProject "MoneyPlus" */ = {
			isa = XCConfigurationList;
			buildConfigurations = (
				9CB4ED47246B359C0098975A /* Debug */,
				9CB4ED48246B359C0098975A /* Release */,
			);
			defaultConfigurationIsVisible = 0;
			defaultConfigurationName = Release;
		};
		9CB4ED49246B359C0098975A /* Build configuration list for PBXNativeTarget "MoneyPlus" */ = {
			isa = XCConfigurationList;
			buildConfigurations = (
				9CB4ED4A246B359C0098975A /* Debug */,
				9CB4ED4B246B359C0098975A /* Release */,
			);
			defaultConfigurationIsVisible = 0;
			defaultConfigurationName = Release;
		};
/* End XCConfigurationList section */

/* Begin XCVersionGroup section */
		9CAB23B4246C9E7200B600AF /* MoneyPlus.xcdatamodeld */ = {
			isa = XCVersionGroup;
			children = (
				9CAB23B5246C9E7200B600AF /* MoneyPlus.xcdatamodel */,
			);
			currentVersion = 9CAB23B5246C9E7200B600AF /* MoneyPlus.xcdatamodel */;
			path = MoneyPlus.xcdatamodeld;
			sourceTree = "<group>";
			versionGroupType = wrapper.xcdatamodel;
		};
/* End XCVersionGroup section */
	};
	rootObject = 9CB4ED2D246B359A0098975A /* Project object */;
}
